<?xml version="1.0" encoding="utf-8"?>
<Project ToolsVersion="4.0" xmlns="http://schemas.microsoft.com/developer/msbuild/2003">
  <ItemGroup>
    <Filter Include="Source Files">
      <UniqueIdentifier>{4FC737F1-C7A5-4376-A066-2A32D752A2FF}</UniqueIdentifier>
      <Extensions>cpp;c;cc;cxx;def;odl;idl;hpj;bat;asm;asmx</Extensions>
    </Filter>
    <Filter Include="Header Files">
      <UniqueIdentifier>{93995380-89BD-4b04-88EB-625FBE52EBFB}</UniqueIdentifier>
      <Extensions>h;hh;hpp;hxx;hm;inl;inc;ipp;xsd</Extensions>
    </Filter>
    <Filter Include="Resource Files">
      <UniqueIdentifier>{67DA6AB6-F800-4c08-8B7A-83BB121AAD01}</UniqueIdentifier>
      <Extensions>rc;ico;cur;bmp;dlg;rc2;rct;bin;rgs;gif;jpg;jpeg;jpe;resx;tiff;tif;png;wav;mfcribbon-ms</Extensions>
    </Filter>
  </ItemGroup>
  <ItemGroup>
    <ClCompile Include="game\Main.cpp">
      <Filter>Source Files</Filter>
    </ClCompile>
    <ClCompile Include="daybreak\core\input\Keyboard.cpp">
      <Filter>Source Files</Filter>
    </ClCompile>
    <ClCompile Include="daybreak\core\input\mouse.cpp">
      <Filter>Source Files</Filter>
    </ClCompile>
    <ClCompile Include="daybreak\core\math\mat4.cpp">
      <Filter>Source Files</Filter>
    </ClCompile>
    <ClCompile Include="daybreak\core\math\Quaternion.cpp">
      <Filter>Source Files</Filter>
    </ClCompile>
    <ClCompile Include="daybreak\core\math\vec2.cpp">
      <Filter>Source Files</Filter>
    </ClCompile>
    <ClCompile Include="daybreak\core\math\vec3.cpp">
      <Filter>Source Files</Filter>
    </ClCompile>
    <ClCompile Include="daybreak\core\math\vec4.cpp">
      <Filter>Source Files</Filter>
    </ClCompile>
    <ClCompile Include="daybreak\core\GameObject.cpp">
      <Filter>Source Files</Filter>
    </ClCompile>
    <ClCompile Include="daybreak\core\Transform.cpp">
      <Filter>Source Files</Filter>
    </ClCompile>
    <ClCompile Include="daybreak\core\noise\Noise.cpp">
      <Filter>Source Files</Filter>
    </ClCompile>
    <ClCompile Include="daybreak\core\noise\FastNoise.cpp">
      <Filter>Source Files</Filter>
    </ClCompile>
    <ClCompile Include="daybreak\graphics\Mesh.cpp">
      <Filter>Source Files</Filter>
    </ClCompile>
    <ClCompile Include="daybreak\graphics\Texture.cpp">
      <Filter>Source Files</Filter>
    </ClCompile>
    <ClCompile Include="daybreak\graphics\Shader.cpp">
      <Filter>Source Files</Filter>
    </ClCompile>
    <ClCompile Include="daybreak\core\Window.cpp">
      <Filter>Source Files</Filter>
    </ClCompile>
    <ClCompile Include="daybreak\core\Daybreak.cpp">
      <Filter>Source Files</Filter>
    </ClCompile>
    <ClCompile Include="daybreak\core\scene\Scene.cpp">
      <Filter>Source Files</Filter>
    </ClCompile>
    <ClCompile Include="daybreak\core\scene\SceneManager.cpp">
      <Filter>Source Files</Filter>
    </ClCompile>
    <ClCompile Include="daybreak\graphics\Uniform.cpp">
      <Filter>Source Files</Filter>
    </ClCompile>
  </ItemGroup>
  <ItemGroup>
    <ClInclude Include="game\TestGame.h">
      <Filter>Header Files</Filter>
    </ClInclude>
    <ClInclude Include="daybreak\components\Camera.h">
      <Filter>Header Files</Filter>
    </ClInclude>
    <ClInclude Include="daybreak\components\FreeLook.h">
      <Filter>Header Files</Filter>
    </ClInclude>
    <ClInclude Include="daybreak\components\FreeMove.h">
      <Filter>Header Files</Filter>
    </ClInclude>
    <ClInclude Include="daybreak\components\GameComponent.h">
      <Filter>Header Files</Filter>
    </ClInclude>
    <ClInclude Include="daybreak\components\MeshRenderer.h">
      <Filter>Header Files</Filter>
    </ClInclude>
    <ClInclude Include="daybreak\components\Terrain.h">
      <Filter>Header Files</Filter>
    </ClInclude>
    <ClInclude Include="daybreak\core\input\Input.h">
      <Filter>Header Files</Filter>
    </ClInclude>
    <ClInclude Include="daybreak\core\input\Keyboard.h">
      <Filter>Header Files</Filter>
    </ClInclude>
    <ClInclude Include="daybreak\core\input\mouse.h">
      <Filter>Header Files</Filter>
    </ClInclude>
    <ClInclude Include="daybreak\core\math\mat4.h">
      <Filter>Header Files</Filter>
    </ClInclude>
    <ClInclude Include="daybreak\core\math\math.h">
      <Filter>Header Files</Filter>
    </ClInclude>
    <ClInclude Include="daybreak\core\math\Quaternion.h">
      <Filter>Header Files</Filter>
    </ClInclude>
    <ClInclude Include="daybreak\core\math\util.h">
      <Filter>Header Files</Filter>
    </ClInclude>
    <ClInclude Include="daybreak\core\math\vec2.h">
      <Filter>Header Files</Filter>
    </ClInclude>
    <ClInclude Include="daybreak\core\math\vec3.h">
      <Filter>Header Files</Filter>
    </ClInclude>
    <ClInclude Include="daybreak\core\math\vec4.h">
      <Filter>Header Files</Filter>
    </ClInclude>
    <ClInclude Include="daybreak\core\Game.h">
      <Filter>Header Files</Filter>
    </ClInclude>
    <ClInclude Include="daybreak\core\GameObject.h">
      <Filter>Header Files</Filter>
    </ClInclude>
    <ClInclude Include="daybreak\core\Transform.h">
      <Filter>Header Files</Filter>
    </ClInclude>
    <ClInclude Include="daybreak\utils\FileUtils.h">
      <Filter>Header Files</Filter>
    </ClInclude>
    <ClInclude Include="daybreak\utils\ImageLoader.h">
      <Filter>Header Files</Filter>
    </ClInclude>
    <ClInclude Include="daybreak\utils\Log.h">
      <Filter>Header Files</Filter>
    </ClInclude>
    <ClInclude Include="daybreak\utils\Timer.h">
      <Filter>Header Files</Filter>
    </ClInclude>
    <ClInclude Include="daybreak\core\noise\Noise.h">
      <Filter>Header Files</Filter>
    </ClInclude>
    <ClInclude Include="daybreak\core\noise\FastNoise.h">
      <Filter>Header Files</Filter>
    </ClInclude>
    <ClInclude Include="daybreak\graphics\Material.h">
      <Filter>Header Files</Filter>
    </ClInclude>
    <ClInclude Include="daybreak\graphics\Mesh.h">
      <Filter>Header Files</Filter>
    </ClInclude>
    <ClInclude Include="daybreak\graphics\Texture.h">
      <Filter>Header Files</Filter>
    </ClInclude>
    <ClInclude Include="daybreak\graphics\Shader.h">
      <Filter>Header Files</Filter>
    </ClInclude>
    <ClInclude Include="daybreak\core\Window.h">
      <Filter>Header Files</Filter>
    </ClInclude>
    <ClInclude Include="daybreak\core\Daybreak.h">
      <Filter>Header Files</Filter>
    </ClInclude>
    <ClInclude Include="daybreak\core\scene\Scene.h">
      <Filter>Header Files</Filter>
    </ClInclude>
    <ClInclude Include="daybreak\core\scene\SceneManager.h">
      <Filter>Header Files</Filter>
    </ClInclude>
    <ClInclude Include="daybreak\components\Skybox.h">
      <Filter>Header Files</Filter>
    </ClInclude>
    <ClInclude Include="daybreak\components\ForwardLighting.h">
      <Filter>Header Files</Filter>
    </ClInclude>
    <ClInclude Include="daybreak\graphics\UniformBuffer.h">
      <Filter>Header Files</Filter>
    </ClInclude>
  </ItemGroup>
  <ItemGroup>
    <None Include="daybreak\graphics\shaders\forward-ambient.frag" />
    <None Include="daybreak\graphics\shaders\forward-lighting.vert" />
    <None Include="daybreak\graphics\shaders\forward-directional.frag" />
    <None Include="daybreak\graphics\shaders\forward-spot.frag" />
    <None Include="daybreak\graphics\shaders\skybox.vert" />
    <None Include="daybreak\graphics\shaders\skybox.frag" />
  </ItemGroup>
  <ItemGroup>
    <Text Include="TO-DO.txt" />
  </ItemGroup>
  <ItemGroup>
    <Image Include="daybreak\res\defaults\no_spec_map.jpg">
      <Filter>Resource Files</Filter>
    </Image>
  </ItemGroup>
</Project>